
Microsoft Visual Studio Solution File, Format Version 11.00
# Visual Studio 2010
Project("{FAE04EC0-301F-11D3-BF4B-00C04F79EFBC}") = "PTZRemoteController-iOS", "PTZRemoteController-iOS\PTZRemoteController-iOS.csproj", "{2BB50428-7ECD-4496-B89C-C60D879A98DE}"
EndProject
Project("{FAE04EC0-301F-11D3-BF4B-00C04F79EFBC}") = "PTZRemoteController-Android", "PTZRemoteController-Android\PTZRemoteController-Android.csproj", "{9D0BC0C8-58BC-42A1-93DB-39AD8B8142F3}"
EndProject
Global
	GlobalSection(SolutionConfigurationPlatforms) = preSolution
		Debug|iPhoneSimulator = Debug|iPhoneSimulator
		Release|iPhoneSimulator = Release|iPhoneSimulator
		Debug|iPhone = Debug|iPhone
		Release|iPhone = Release|iPhone
		Ad-Hoc|iPhone = Ad-Hoc|iPhone
		AppStore|iPhone = AppStore|iPhone
	EndGlobalSection
	GlobalSection(ProjectConfigurationPlatforms) = postSolution
		{2BB50428-7ECD-4496-B89C-C60D879A98DE}.Ad-Hoc|iPhone.ActiveCfg = Ad-Hoc|iPhone
		{2BB50428-7ECD-4496-B89C-C60D879A98DE}.Ad-Hoc|iPhone.Build.0 = Ad-Hoc|iPhone
		{2BB50428-7ECD-4496-B89C-C60D879A98DE}.AppStore|iPhone.ActiveCfg = AppStore|iPhone
		{2BB50428-7ECD-4496-B89C-C60D879A98DE}.AppStore|iPhone.Build.0 = AppStore|iPhone
		{2BB50428-7ECD-4496-B89C-C60D879A98DE}.Debug|iPhone.ActiveCfg = Debug|iPhone
		{2BB50428-7ECD-4496-B89C-C60D879A98DE}.Debug|iPhone.Build.0 = Debug|iPhone
		{2BB50428-7ECD-4496-B89C-C60D879A98DE}.Debug|iPhoneSimulator.ActiveCfg = Debug|iPhoneSimulator
		{2BB50428-7ECD-4496-B89C-C60D879A98DE}.Debug|iPhoneSimulator.Build.0 = Debug|iPhoneSimulator
		{2BB50428-7ECD-4496-B89C-C60D879A98DE}.Release|iPhone.ActiveCfg = Release|iPhone
		{2BB50428-7ECD-4496-B89C-C60D879A98DE}.Release|iPhone.Build.0 = Release|iPhone
		{2BB50428-7ECD-4496-B89C-C60D879A98DE}.Release|iPhoneSimulator.ActiveCfg = Release|iPhoneSimulator
		{2BB50428-7ECD-4496-B89C-C60D879A98DE}.Release|iPhoneSimulator.Build.0 = Release|iPhoneSimulator
		{9D0BC0C8-58BC-42A1-93DB-39AD8B8142F3}.Ad-Hoc|iPhone.ActiveCfg = Release|Any CPU
		{9D0BC0C8-58BC-42A1-93DB-39AD8B8142F3}.Ad-Hoc|iPhone.Build.0 = Release|Any CPU
		{9D0BC0C8-58BC-42A1-93DB-39AD8B8142F3}.AppStore|iPhone.ActiveCfg = Release|Any CPU
		{9D0BC0C8-58BC-42A1-93DB-39AD8B8142F3}.AppStore|iPhone.Build.0 = Release|Any CPU
		{9D0BC0C8-58BC-42A1-93DB-39AD8B8142F3}.Debug|iPhone.ActiveCfg = Debug|Any CPU
		{9D0BC0C8-58BC-42A1-93DB-39AD8B8142F3}.Debug|iPhone.Build.0 = Debug|Any CPU
		{9D0BC0C8-58BC-42A1-93DB-39AD8B8142F3}.Debug|iPhoneSimulator.ActiveCfg = Debug|Any CPU
		{9D0BC0C8-58BC-42A1-93DB-39AD8B8142F3}.Debug|iPhoneSimulator.Build.0 = Debug|Any CPU
		{9D0BC0C8-58BC-42A1-93DB-39AD8B8142F3}.Release|iPhone.ActiveCfg = Release|Any CPU
		{9D0BC0C8-58BC-42A1-93DB-39AD8B8142F3}.Release|iPhone.Build.0 = Release|Any CPU
		{9D0BC0C8-58BC-42A1-93DB-39AD8B8142F3}.Release|iPhoneSimulator.ActiveCfg = Release|Any CPU
		{9D0BC0C8-58BC-42A1-93DB-39AD8B8142F3}.Release|iPhoneSimulator.Build.0 = Release|Any CPU
	EndGlobalSection
	GlobalSection(MonoDevelopProperties) = preSolution
		StartupItem = PTZRemoteController-iOS\PTZRemoteController-iOS.csproj
	EndGlobalSection
EndGlobal
